
Microsoft Visual Studio Solution File, Format Version 12.00
# Visual Studio Version 17
VisualStudioVersion = 17.10.35013.160
MinimumVisualStudioVersion = 10.0.40219.1
Project("{FAE04EC0-301F-11D3-BF4B-00C04F79EFBC}") = "Practica02", "Practica02.csproj", "{5A84D5AE-2C50-431B-833D-185D795D4863}"
EndProject
Project("{9A19103F-16F7-4668-BE54-9A1E7A4F7556}") = "Practica01", "C:\Users\Usuario\source\repos\Practica01\Practica01\Practica01.csproj", "{1CFA2705-5E7E-4A40-BBC4-985B6FC3FC35}"
EndProject
Global
	GlobalSection(SolutionConfigurationPlatforms) = preSolution
		Debug|Any CPU = Debug|Any CPU
		Release|Any CPU = Release|Any CPU
	EndGlobalSection
	GlobalSection(ProjectConfigurationPlatforms) = postSolution
		{5A84D5AE-2C50-431B-833D-185D795D4863}.Debug|Any CPU.ActiveCfg = Debug|Any CPU
		{5A84D5AE-2C50-431B-833D-185D795D4863}.Debug|Any CPU.Build.0 = Debug|Any CPU
		{5A84D5AE-2C50-431B-833D-185D795D4863}.Release|Any CPU.ActiveCfg = Release|Any CPU
		{5A84D5AE-2C50-431B-833D-185D795D4863}.Release|Any CPU.Build.0 = Release|Any CPU
		{1CFA2705-5E7E-4A40-BBC4-985B6FC3FC35}.Debug|Any CPU.ActiveCfg = Debug|Any CPU
		{1CFA2705-5E7E-4A40-BBC4-985B6FC3FC35}.Debug|Any CPU.Build.0 = Debug|Any CPU
		{1CFA2705-5E7E-4A40-BBC4-985B6FC3FC35}.Release|Any CPU.ActiveCfg = Release|Any CPU
		{1CFA2705-5E7E-4A40-BBC4-985B6FC3FC35}.Release|Any CPU.Build.0 = Release|Any CPU
	EndGlobalSection
	GlobalSection(SolutionProperties) = preSolution
		HideSolutionNode = FALSE
	EndGlobalSection
	GlobalSection(ExtensibilityGlobals) = postSolution
		SolutionGuid = {E5494F17-B5E3-4EFF-8584-F17A92159A7B}
	EndGlobalSection
EndGlobal
